// !$*UTF8*$!
{
	archiveVersion = 1;
	classes = {
	};
	objectVersion = 55;
	objects = {

/* Begin PBXBuildFile section */
		60101AD528B6745400B4217F /* WorldNewsApp.swift in Sources */ = {isa = PBXBuildFile; fileRef = 60101AD428B6745400B4217F /* WorldNewsApp.swift */; };
		60101AD728B6745400B4217F /* ContentView.swift in Sources */ = {isa = PBXBuildFile; fileRef = 60101AD628B6745400B4217F /* ContentView.swift */; };
		60101AD928B6745600B4217F /* Assets.xcassets in Resources */ = {isa = PBXBuildFile; fileRef = 60101AD828B6745600B4217F /* Assets.xcassets */; };
		60101ADC28B6745600B4217F /* Preview Assets.xcassets in Resources */ = {isa = PBXBuildFile; fileRef = 60101ADB28B6745600B4217F /* Preview Assets.xcassets */; };
		60101AE528B6781A00B4217F /* news.json in Resources */ = {isa = PBXBuildFile; fileRef = 60101AE428B6781A00B4217F /* news.json */; };
		60101AE828B6784700B4217F /* Article.swift in Sources */ = {isa = PBXBuildFile; fileRef = 60101AE728B6784700B4217F /* Article.swift */; };
		60101AEA28B67B0E00B4217F /* NewsAPIResponse.swift in Sources */ = {isa = PBXBuildFile; fileRef = 60101AE928B67B0E00B4217F /* NewsAPIResponse.swift */; };
		60101AED28B67C0100B4217F /* ArticleRowView.swift in Sources */ = {isa = PBXBuildFile; fileRef = 60101AEC28B67C0100B4217F /* ArticleRowView.swift */; };
		6039544628B91E5400D2C239 /* ArticleNewsViewModel.swift in Sources */ = {isa = PBXBuildFile; fileRef = 6039544528B91E5400D2C239 /* ArticleNewsViewModel.swift */; };
		6039544828B9233B00D2C239 /* NewsTabView.swift in Sources */ = {isa = PBXBuildFile; fileRef = 6039544728B9233B00D2C239 /* NewsTabView.swift */; };
		6039544C28B92B8800D2C239 /* EmptyPlaceholderView.swift in Sources */ = {isa = PBXBuildFile; fileRef = 6039544B28B92B8800D2C239 /* EmptyPlaceholderView.swift */; };
		6039544E28B92C1500D2C239 /* RetryView.swift in Sources */ = {isa = PBXBuildFile; fileRef = 6039544D28B92C1500D2C239 /* RetryView.swift */; };
		60EA64CF28B7165F008CDDCD /* ArticleListView.swift in Sources */ = {isa = PBXBuildFile; fileRef = 60EA64CE28B7165F008CDDCD /* ArticleListView.swift */; };
		60EA64D128B717E7008CDDCD /* SafariView.swift in Sources */ = {isa = PBXBuildFile; fileRef = 60EA64D028B717E7008CDDCD /* SafariView.swift */; };
		60EA64D428B71BEF008CDDCD /* NewsAPI.swift in Sources */ = {isa = PBXBuildFile; fileRef = 60EA64D328B71BEF008CDDCD /* NewsAPI.swift */; };
		60EA64D628B71DB5008CDDCD /* Category.swift in Sources */ = {isa = PBXBuildFile; fileRef = 60EA64D528B71DB5008CDDCD /* Category.swift */; };
/* End PBXBuildFile section */

/* Begin PBXFileReference section */
		60101AD128B6745400B4217F /* WorldNews.app */ = {isa = PBXFileReference; explicitFileType = wrapper.application; includeInIndex = 0; path = WorldNews.app; sourceTree = BUILT_PRODUCTS_DIR; };
		60101AD428B6745400B4217F /* WorldNewsApp.swift */ = {isa = PBXFileReference; lastKnownFileType = sourcecode.swift; path = WorldNewsApp.swift; sourceTree = "<group>"; };
		60101AD628B6745400B4217F /* ContentView.swift */ = {isa = PBXFileReference; lastKnownFileType = sourcecode.swift; path = ContentView.swift; sourceTree = "<group>"; };
		60101AD828B6745600B4217F /* Assets.xcassets */ = {isa = PBXFileReference; lastKnownFileType = folder.assetcatalog; path = Assets.xcassets; sourceTree = "<group>"; };
		60101ADB28B6745600B4217F /* Preview Assets.xcassets */ = {isa = PBXFileReference; lastKnownFileType = folder.assetcatalog; path = "Preview Assets.xcassets"; sourceTree = "<group>"; };
		60101AE428B6781A00B4217F /* news.json */ = {isa = PBXFileReference; fileEncoding = 4; lastKnownFileType = text.json; path = news.json; sourceTree = "<group>"; };
		60101AE728B6784700B4217F /* Article.swift */ = {isa = PBXFileReference; lastKnownFileType = sourcecode.swift; path = Article.swift; sourceTree = "<group>"; };
		60101AE928B67B0E00B4217F /* NewsAPIResponse.swift */ = {isa = PBXFileReference; lastKnownFileType = sourcecode.swift; path = NewsAPIResponse.swift; sourceTree = "<group>"; };
		60101AEC28B67C0100B4217F /* ArticleRowView.swift */ = {isa = PBXFileReference; lastKnownFileType = sourcecode.swift; path = ArticleRowView.swift; sourceTree = "<group>"; };
		60101AEE28B67EFA00B4217F /* Info.plist */ = {isa = PBXFileReference; lastKnownFileType = text.plist; path = Info.plist; sourceTree = "<group>"; };
		6039544528B91E5400D2C239 /* ArticleNewsViewModel.swift */ = {isa = PBXFileReference; lastKnownFileType = sourcecode.swift; path = ArticleNewsViewModel.swift; sourceTree = "<group>"; };
		6039544728B9233B00D2C239 /* NewsTabView.swift */ = {isa = PBXFileReference; lastKnownFileType = sourcecode.swift; path = NewsTabView.swift; sourceTree = "<group>"; };
		6039544B28B92B8800D2C239 /* EmptyPlaceholderView.swift */ = {isa = PBXFileReference; lastKnownFileType = sourcecode.swift; path = EmptyPlaceholderView.swift; sourceTree = "<group>"; };
		6039544D28B92C1500D2C239 /* RetryView.swift */ = {isa = PBXFileReference; lastKnownFileType = sourcecode.swift; path = RetryView.swift; sourceTree = "<group>"; };
		60EA64CE28B7165F008CDDCD /* ArticleListView.swift */ = {isa = PBXFileReference; lastKnownFileType = sourcecode.swift; path = ArticleListView.swift; sourceTree = "<group>"; };
		60EA64D028B717E7008CDDCD /* SafariView.swift */ = {isa = PBXFileReference; lastKnownFileType = sourcecode.swift; path = SafariView.swift; sourceTree = "<group>"; };
		60EA64D328B71BEF008CDDCD /* NewsAPI.swift */ = {isa = PBXFileReference; lastKnownFileType = sourcecode.swift; path = NewsAPI.swift; sourceTree = "<group>"; };
		60EA64D528B71DB5008CDDCD /* Category.swift */ = {isa = PBXFileReference; lastKnownFileType = sourcecode.swift; path = Category.swift; sourceTree = "<group>"; };
/* End PBXFileReference section */

/* Begin PBXFrameworksBuildPhase section */
		60101ACE28B6745400B4217F /* Frameworks */ = {
			isa = PBXFrameworksBuildPhase;
			buildActionMask = 2147483647;
			files = (
			);
			runOnlyForDeploymentPostprocessing = 0;
		};
/* End PBXFrameworksBuildPhase section */

/* Begin PBXGroup section */
		60101AC828B6745300B4217F = {
			isa = PBXGroup;
			children = (
				60101AD328B6745400B4217F /* WorldNews */,
				60101AD228B6745400B4217F /* Products */,
			);
			sourceTree = "<group>";
		};
		60101AD228B6745400B4217F /* Products */ = {
			isa = PBXGroup;
			children = (
				60101AD128B6745400B4217F /* WorldNews.app */,
			);
			name = Products;
			sourceTree = "<group>";
		};
		60101AD328B6745400B4217F /* WorldNews */ = {
			isa = PBXGroup;
			children = (
				6039544428B91E3F00D2C239 /* ViewModel */,
				60EA64D228B71BD8008CDDCD /* API */,
				60101AEE28B67EFA00B4217F /* Info.plist */,
				60101AEB28B67BED00B4217F /* Views */,
				60101AE628B6783000B4217F /* Models */,
				60101AE428B6781A00B4217F /* news.json */,
				60101AD428B6745400B4217F /* WorldNewsApp.swift */,
				60101AD628B6745400B4217F /* ContentView.swift */,
				60101AD828B6745600B4217F /* Assets.xcassets */,
				60101ADA28B6745600B4217F /* Preview Content */,
			);
			path = WorldNews;
			sourceTree = "<group>";
		};
		60101ADA28B6745600B4217F /* Preview Content */ = {
			isa = PBXGroup;
			children = (
				60101ADB28B6745600B4217F /* Preview Assets.xcassets */,
			);
			path = "Preview Content";
			sourceTree = "<group>";
		};
		60101AE628B6783000B4217F /* Models */ = {
			isa = PBXGroup;
			children = (
				60101AE728B6784700B4217F /* Article.swift */,
				60101AE928B67B0E00B4217F /* NewsAPIResponse.swift */,
				60EA64D528B71DB5008CDDCD /* Category.swift */,
			);
			path = Models;
			sourceTree = "<group>";
		};
		60101AEB28B67BED00B4217F /* Views */ = {
			isa = PBXGroup;
			children = (
				60101AEC28B67C0100B4217F /* ArticleRowView.swift */,
				60EA64CE28B7165F008CDDCD /* ArticleListView.swift */,
				60EA64D028B717E7008CDDCD /* SafariView.swift */,
				6039544728B9233B00D2C239 /* NewsTabView.swift */,
				6039544B28B92B8800D2C239 /* EmptyPlaceholderView.swift */,
				6039544D28B92C1500D2C239 /* RetryView.swift */,
			);
			path = Views;
			sourceTree = "<group>";
		};
		6039544428B91E3F00D2C239 /* ViewModel */ = {
			isa = PBXGroup;
			children = (
				6039544528B91E5400D2C239 /* ArticleNewsViewModel.swift */,
			);
			path = ViewModel;
			sourceTree = "<group>";
		};
		60EA64D228B71BD8008CDDCD /* API */ = {
			isa = PBXGroup;
			children = (
				60EA64D328B71BEF008CDDCD /* NewsAPI.swift */,
			);
			path = API;
			sourceTree = "<group>";
		};
/* End PBXGroup section */

/* Begin PBXNativeTarget section */
		60101AD028B6745400B4217F /* WorldNews */ = {
			isa = PBXNativeTarget;
			buildConfigurationList = 60101ADF28B6745600B4217F /* Build configuration list for PBXNativeTarget "WorldNews" */;
			buildPhases = (
				60101ACD28B6745400B4217F /* Sources */,
				60101ACE28B6745400B4217F /* Frameworks */,
				60101ACF28B6745400B4217F /* Resources */,
			);
			buildRules = (
			);
			dependencies = (
			);
			name = WorldNews;
			productName = WorldNews;
			productReference = 60101AD128B6745400B4217F /* WorldNews.app */;
			productType = "com.apple.product-type.application";
		};
/* End PBXNativeTarget section */

/* Begin PBXProject section */
		60101AC928B6745300B4217F /* Project object */ = {
			isa = PBXProject;
			attributes = {
				BuildIndependentTargetsInParallel = 1;
				LastSwiftUpdateCheck = 1340;
				LastUpgradeCheck = 1340;
				TargetAttributes = {
					60101AD028B6745400B4217F = {
						CreatedOnToolsVersion = 13.4.1;
					};
				};
			};
			buildConfigurationList = 60101ACC28B6745300B4217F /* Build configuration list for PBXProject "WorldNews" */;
			compatibilityVersion = "Xcode 13.0";
			developmentRegion = en;
			hasScannedForEncodings = 0;
			knownRegions = (
				en,
				Base,
			);
			mainGroup = 60101AC828B6745300B4217F;
			productRefGroup = 60101AD228B6745400B4217F /* Products */;
			projectDirPath = "";
			projectRoot = "";
			targets = (
				60101AD028B6745400B4217F /* WorldNews */,
			);
		};
/* End PBXProject section */

/* Begin PBXResourcesBuildPhase section */
		60101ACF28B6745400B4217F /* Resources */ = {
			isa = PBXResourcesBuildPhase;
			buildActionMask = 2147483647;
			files = (
				60101AE528B6781A00B4217F /* news.json in Resources */,
				60101ADC28B6745600B4217F /* Preview Assets.xcassets in Resources */,
				60101AD928B6745600B4217F /* Assets.xcassets in Resources */,
			);
			runOnlyForDeploymentPostprocessing = 0;
		};
/* End PBXResourcesBuildPhase section */

/* Begin PBXSourcesBuildPhase section */
		60101ACD28B6745400B4217F /* Sources */ = {
			isa = PBXSourcesBuildPhase;
			buildActionMask = 2147483647;
			files = (
				60101AD728B6745400B4217F /* ContentView.swift in Sources */,
				60EA64CF28B7165F008CDDCD /* ArticleListView.swift in Sources */,
				6039544C28B92B8800D2C239 /* EmptyPlaceholderView.swift in Sources */,
				60101AED28B67C0100B4217F /* ArticleRowView.swift in Sources */,
				6039544E28B92C1500D2C239 /* RetryView.swift in Sources */,
				60101AD528B6745400B4217F /* WorldNewsApp.swift in Sources */,
				60101AEA28B67B0E00B4217F /* NewsAPIResponse.swift in Sources */,
				60EA64D628B71DB5008CDDCD /* Category.swift in Sources */,
				6039544628B91E5400D2C239 /* ArticleNewsViewModel.swift in Sources */,
				6039544828B9233B00D2C239 /* NewsTabView.swift in Sources */,
				60101AE828B6784700B4217F /* Article.swift in Sources */,
				60EA64D128B717E7008CDDCD /* SafariView.swift in Sources */,
				60EA64D428B71BEF008CDDCD /* NewsAPI.swift in Sources */,
			);
			runOnlyForDeploymentPostprocessing = 0;
		};
/* End PBXSourcesBuildPhase section */

/* Begin XCBuildConfiguration section */
		60101ADD28B6745600B4217F /* Debug */ = {
			isa = XCBuildConfiguration;
			buildSettings = {
				ALWAYS_SEARCH_USER_PATHS = NO;
				CLANG_ANALYZER_NONNULL = YES;
				CLANG_ANALYZER_NUMBER_OBJECT_CONVERSION = YES_AGGRESSIVE;
				CLANG_CXX_LANGUAGE_STANDARD = "gnu++17";
				CLANG_ENABLE_MODULES = YES;
				CLANG_ENABLE_OBJC_ARC = YES;
				CLANG_ENABLE_OBJC_WEAK = YES;
				CLANG_WARN_BLOCK_CAPTURE_AUTORELEASING = YES;
				CLANG_WARN_BOOL_CONVERSION = YES;
				CLANG_WARN_COMMA = YES;
				CLANG_WARN_CONSTANT_CONVERSION = YES;
				CLANG_WARN_DEPRECATED_OBJC_IMPLEMENTATIONS = YES;
				CLANG_WARN_DIRECT_OBJC_ISA_USAGE = YES_ERROR;
				CLANG_WARN_DOCUMENTATION_COMMENTS = YES;
				CLANG_WARN_EMPTY_BODY = YES;
				CLANG_WARN_ENUM_CONVERSION = YES;
				CLANG_WARN_INFINITE_RECURSION = YES;
				CLANG_WARN_INT_CONVERSION = YES;
				CLANG_WARN_NON_LITERAL_NULL_CONVERSION = YES;
				CLANG_WARN_OBJC_IMPLICIT_RETAIN_SELF = YES;
				CLANG_WARN_OBJC_LITERAL_CONVERSION = YES;
				CLANG_WARN_OBJC_ROOT_CLASS = YES_ERROR;
				CLANG_WARN_QUOTED_INCLUDE_IN_FRAMEWORK_HEADER = YES;
				CLANG_WARN_RANGE_LOOP_ANALYSIS = YES;
				CLANG_WARN_STRICT_PROTOTYPES = YES;
				CLANG_WARN_SUSPICIOUS_MOVE = YES;
				CLANG_WARN_UNGUARDED_AVAILABILITY = YES_AGGRESSIVE;
				CLANG_WARN_UNREACHABLE_CODE = YES;
				CLANG_WARN__DUPLICATE_METHOD_MATCH = YES;
				COPY_PHASE_STRIP = NO;
				DEBUG_INFORMATION_FORMAT = dwarf;
				ENABLE_STRICT_OBJC_MSGSEND = YES;
				ENABLE_TESTABILITY = YES;
				GCC_C_LANGUAGE_STANDARD = gnu11;
				GCC_DYNAMIC_NO_PIC = NO;
				GCC_NO_COMMON_BLOCKS = YES;
				GCC_OPTIMIZATION_LEVEL = 0;
				GCC_PREPROCESSOR_DEFINITIONS = (
					"DEBUG=1",
					"$(inherited)",
				);
				GCC_WARN_64_TO_32_BIT_CONVERSION = YES;
				GCC_WARN_ABOUT_RETURN_TYPE = YES_ERROR;
				GCC_WARN_UNDECLARED_SELECTOR = YES;
				GCC_WARN_UNINITIALIZED_AUTOS = YES_AGGRESSIVE;
				GCC_WARN_UNUSED_FUNCTION = YES;
				GCC_WARN_UNUSED_VARIABLE = YES;
				IPHONEOS_DEPLOYMENT_TARGET = 15.5;
				MTL_ENABLE_DEBUG_INFO = INCLUDE_SOURCE;
				MTL_FAST_MATH = YES;
				ONLY_ACTIVE_ARCH = YES;
				SDKROOT = iphoneos;
				SWIFT_ACTIVE_COMPILATION_CONDITIONS = DEBUG;
				SWIFT_OPTIMIZATION_LEVEL = "-Onone";
			};
			name = Debug;
		};
		60101ADE28B6745600B4217F /* Release */ = {
			isa = XCBuildConfiguration;
			buildSettings = {
				ALWAYS_SEARCH_USER_PATHS = NO;
				CLANG_ANALYZER_NONNULL = YES;
				CLANG_ANALYZER_NUMBER_OBJECT_CONVERSION = YES_AGGRESSIVE;
				CLANG_CXX_LANGUAGE_STANDARD = "gnu++17";
				CLANG_ENABLE_MODULES = YES;
				CLANG_ENABLE_OBJC_ARC = YES;
				CLANG_ENABLE_OBJC_WEAK = YES;
				CLANG_WARN_BLOCK_CAPTURE_AUTORELEASING = YES;
				CLANG_WARN_BOOL_CONVERSION = YES;
				CLANG_WARN_COMMA = YES;
				CLANG_WARN_CONSTANT_CONVERSION = YES;
				CLANG_WARN_DEPRECATED_OBJC_IMPLEMENTATIONS = YES;
				CLANG_WARN_DIRECT_OBJC_ISA_USAGE = YES_ERROR;
				CLANG_WARN_DOCUMENTATION_COMMENTS = YES;
				CLANG_WARN_EMPTY_BODY = YES;
				CLANG_WARN_ENUM_CONVERSION = YES;
				CLANG_WARN_INFINITE_RECURSION = YES;
				CLANG_WARN_INT_CONVERSION = YES;
				CLANG_WARN_NON_LITERAL_NULL_CONVERSION = YES;
				CLANG_WARN_OBJC_IMPLICIT_RETAIN_SELF = YES;
				CLANG_WARN_OBJC_LITERAL_CONVERSION = YES;
				CLANG_WARN_OBJC_ROOT_CLASS = YES_ERROR;
				CLANG_WARN_QUOTED_INCLUDE_IN_FRAMEWORK_HEADER = YES;
				CLANG_WARN_RANGE_LOOP_ANALYSIS = YES;
				CLANG_WARN_STRICT_PROTOTYPES = YES;
				CLANG_WARN_SUSPICIOUS_MOVE = YES;
				CLANG_WARN_UNGUARDED_AVAILABILITY = YES_AGGRESSIVE;
				CLANG_WARN_UNREACHABLE_CODE = YES;
				CLANG_WARN__DUPLICATE_METHOD_MATCH = YES;
				COPY_PHASE_STRIP = NO;
				DEBUG_INFORMATION_FORMAT = "dwarf-with-dsym";
				ENABLE_NS_ASSERTIONS = NO;
				ENABLE_STRICT_OBJC_MSGSEND = YES;
				GCC_C_LANGUAGE_STANDARD = gnu11;
				GCC_NO_COMMON_BLOCKS = YES;
				GCC_WARN_64_TO_32_BIT_CONVERSION = YES;
				GCC_WARN_ABOUT_RETURN_TYPE = YES_ERROR;
				GCC_WARN_UNDECLARED_SELECTOR = YES;
				GCC_WARN_UNINITIALIZED_AUTOS = YES_AGGRESSIVE;
				GCC_WARN_UNUSED_FUNCTION = YES;
				GCC_WARN_UNUSED_VARIABLE = YES;
				IPHONEOS_DEPLOYMENT_TARGET = 15.5;
				MTL_ENABLE_DEBUG_INFO = NO;
				MTL_FAST_MATH = YES;
				SDKROOT = iphoneos;
				SWIFT_COMPILATION_MODE = wholemodule;
				SWIFT_OPTIMIZATION_LEVEL = "-O";
				VALIDATE_PRODUCT = YES;
			};
			name = Release;
		};
		60101AE028B6745600B4217F /* Debug */ = {
			isa = XCBuildConfiguration;
			buildSettings = {
				ASSETCATALOG_COMPILER_APPICON_NAME = AppIcon;
				ASSETCATALOG_COMPILER_GLOBAL_ACCENT_COLOR_NAME = AccentColor;
				CODE_SIGN_STYLE = Automatic;
				CURRENT_PROJECT_VERSION = 1;
				DEVELOPMENT_ASSET_PATHS = "\"WorldNews/Preview Content\"";
				DEVELOPMENT_TEAM = 345UR7Z9A7;
				ENABLE_PREVIEWS = YES;
				GENERATE_INFOPLIST_FILE = YES;
				INFOPLIST_FILE = WorldNews/Info.plist;
				INFOPLIST_KEY_LSApplicationCategoryType = "";
				INFOPLIST_KEY_UIApplicationSceneManifest_Generation = YES;
				INFOPLIST_KEY_UIApplicationSupportsIndirectInputEvents = YES;
				INFOPLIST_KEY_UILaunchScreen_Generation = YES;
				INFOPLIST_KEY_UISupportedInterfaceOrientations_iPad = "UIInterfaceOrientationPortrait UIInterfaceOrientationPortraitUpsideDown UIInterfaceOrientationLandscapeLeft UIInterfaceOrientationLandscapeRight";
				INFOPLIST_KEY_UISupportedInterfaceOrientations_iPhone = "UIInterfaceOrientationPortrait UIInterfaceOrientationLandscapeLeft UIInterfaceOrientationLandscapeRight";
				LD_RUNPATH_SEARCH_PATHS = (
					"$(inherited)",
					"@executable_path/Frameworks",
				);
				MARKETING_VERSION = 1.0;
				PRODUCT_BUNDLE_IDENTIFIER = com.rotadev.WorldNews;
				PRODUCT_NAME = "$(TARGET_NAME)";
				SWIFT_EMIT_LOC_STRINGS = YES;
				SWIFT_VERSION = 5.0;
				TARGETED_DEVICE_FAMILY = "1,2";
			};
			name = Debug;
		};
		60101AE128B6745600B4217F /* Release */ = {
			isa = XCBuildConfiguration;
			buildSettings = {
				ASSETCATALOG_COMPILER_APPICON_NAME = AppIcon;
				ASSETCATALOG_COMPILER_GLOBAL_ACCENT_COLOR_NAME = AccentColor;
				CODE_SIGN_STYLE = Automatic;
				CURRENT_PROJECT_VERSION = 1;
				DEVELOPMENT_ASSET_PATHS = "\"WorldNews/Preview Content\"";
				DEVELOPMENT_TEAM = 345UR7Z9A7;
				ENABLE_PREVIEWS = YES;
				GENERATE_INFOPLIST_FILE = YES;
				INFOPLIST_FILE = WorldNews/Info.plist;
				INFOPLIST_KEY_LSApplicationCategoryType = "";
				INFOPLIST_KEY_UIApplicationSceneManifest_Generation = YES;
				INFOPLIST_KEY_UIApplicationSupportsIndirectInputEvents = YES;
				INFOPLIST_KEY_UILaunchScreen_Generation = YES;
				INFOPLIST_KEY_UISupportedInterfaceOrientations_iPad = "UIInterfaceOrientationPortrait UIInterfaceOrientationPortraitUpsideDown UIInterfaceOrientationLandscapeLeft UIInterfaceOrientationLandscapeRight";
				INFOPLIST_KEY_UISupportedInterfaceOrientations_iPhone = "UIInterfaceOrientationPortrait UIInterfaceOrientationLandscapeLeft UIInterfaceOrientationLandscapeRight";
				LD_RUNPATH_SEARCH_PATHS = (
					"$(inherited)",
					"@executable_path/Frameworks",
				);
				MARKETING_VERSION = 1.0;
				PRODUCT_BUNDLE_IDENTIFIER = com.rotadev.WorldNews;
				PRODUCT_NAME = "$(TARGET_NAME)";
				SWIFT_EMIT_LOC_STRINGS = YES;
				SWIFT_VERSION = 5.0;
				TARGETED_DEVICE_FAMILY = "1,2";
			};
			name = Release;
		};
/* End XCBuildConfiguration section */

/* Begin XCConfigurationList section */
		60101ACC28B6745300B4217F /* Build configuration list for PBXProject "WorldNews" */ = {
			isa = XCConfigurationList;
			buildConfigurations = (
				60101ADD28B6745600B4217F /* Debug */,
				60101ADE28B6745600B4217F /* Release */,
			);
			defaultConfigurationIsVisible = 0;
			defaultConfigurationName = Release;
		};
		60101ADF28B6745600B4217F /* Build configuration list for PBXNativeTarget "WorldNews" */ = {
			isa = XCConfigurationList;
			buildConfigurations = (
				60101AE028B6745600B4217F /* Debug */,
				60101AE128B6745600B4217F /* Release */,
			);
			defaultConfigurationIsVisible = 0;
			defaultConfigurationName = Release;
		};
/* End XCConfigurationList section */
	};
	rootObject = 60101AC928B6745300B4217F /* Project object */;
}
